{
    "_meta": {
        "hash": {
            "sha256": "1554407cedaa863057c1ba3c0cf6fb124dfaac9b7240464888a6d340e26cf993"
        },
        "pipfile-spec": 6,
        "requires": {
            "python_version": "3.7.10"
        },
        "sources": [
            {
                "name": "pypi",
                "url": "https://pypi.org/simple",
                "verify_ssl": true
            }
        ]
    },
    "default": {
        "aiofiles": {
            "hashes": [
                "sha256:7a973fc22b29e9962d0897805ace5856e6a566ab1f0c8e5c91ff6c866519c937",
                "sha256:8334f23235248a3b2e83b2c3a78a22674f39969b96397126cc93664d9a901e59"
            ],
            "markers": "python_version >= '3.6' and python_version < '4'",
            "version": "==0.8.0"
        },
        "aiohttp": {
            "hashes": [
                "sha256:01d7bdb774a9acc838e6b8f1d114f45303841b89b95984cbb7d80ea41172a9e3",
                "sha256:03a6d5349c9ee8f79ab3ff3694d6ce1cfc3ced1c9d36200cb8f08ba06bd3b782",
                "sha256:04d48b8ce6ab3cf2097b1855e1505181bdd05586ca275f2505514a6e274e8e75",
                "sha256:0770e2806a30e744b4e21c9d73b7bee18a1cfa3c47991ee2e5a65b887c49d5cf",
                "sha256:07b05cd3305e8a73112103c834e91cd27ce5b4bd07850c4b4dbd1877d3f45be7",
                "sha256:086f92daf51a032d062ec5f58af5ca6a44d082c35299c96376a41cbb33034675",
                "sha256:099ebd2c37ac74cce10a3527d2b49af80243e2a4fa39e7bce41617fbc35fa3c1",
                "sha256:0c7ebbbde809ff4e970824b2b6cb7e4222be6b95a296e46c03cf050878fc1785",
                "sha256:102e487eeb82afac440581e5d7f8f44560b36cf0bdd11abc51a46c1cd88914d4",
                "sha256:11691cf4dc5b94236ccc609b70fec991234e7ef8d4c02dd0c9668d1e486f5abf",
                "sha256:11a67c0d562e07067c4e86bffc1553f2cf5b664d6111c894671b2b8712f3aba5",
                "sha256:12de6add4038df8f72fac606dff775791a60f113a725c960f2bab01d8b8e6b15",
                "sha256:13487abd2f761d4be7c8ff9080de2671e53fff69711d46de703c310c4c9317ca",
                "sha256:15b09b06dae900777833fe7fc4b4aa426556ce95847a3e8d7548e2d19e34edb8",
                "sha256:1c182cb873bc91b411e184dab7a2b664d4fea2743df0e4d57402f7f3fa644bac",
                "sha256:1ed0b6477896559f17b9eaeb6d38e07f7f9ffe40b9f0f9627ae8b9926ae260a8",
                "sha256:28d490af82bc6b7ce53ff31337a18a10498303fe66f701ab65ef27e143c3b0ef",
                "sha256:2e5d962cf7e1d426aa0e528a7e198658cdc8aa4fe87f781d039ad75dcd52c516",
                "sha256:2ed076098b171573161eb146afcb9129b5ff63308960aeca4b676d9d3c35e700",
                "sha256:2f2f69dca064926e79997f45b2f34e202b320fd3782f17a91941f7eb85502ee2",
                "sha256:31560d268ff62143e92423ef183680b9829b1b482c011713ae941997921eebc8",
                "sha256:31d1e1c0dbf19ebccbfd62eff461518dcb1e307b195e93bba60c965a4dcf1ba0",
                "sha256:37951ad2f4a6df6506750a23f7cbabad24c73c65f23f72e95897bb2cecbae676",
                "sha256:3af642b43ce56c24d063325dd2cf20ee012d2b9ba4c3c008755a301aaea720ad",
                "sha256:44db35a9e15d6fe5c40d74952e803b1d96e964f683b5a78c3cc64eb177878155",
                "sha256:473d93d4450880fe278696549f2e7aed8cd23708c3c1997981464475f32137db",
                "sha256:477c3ea0ba410b2b56b7efb072c36fa91b1e6fc331761798fa3f28bb224830dd",
                "sha256:4a4a4e30bf1edcad13fb0804300557aedd07a92cabc74382fdd0ba6ca2661091",
                "sha256:4aed991a28ea3ce320dc8ce655875e1e00a11bdd29fe9444dd4f88c30d558602",
                "sha256:51467000f3647d519272392f484126aa716f747859794ac9924a7aafa86cd411",
                "sha256:55c3d1072704d27401c92339144d199d9de7b52627f724a949fc7d5fc56d8b93",
                "sha256:589c72667a5febd36f1315aa6e5f56dd4aa4862df295cb51c769d16142ddd7cd",
                "sha256:5bfde62d1d2641a1f5173b8c8c2d96ceb4854f54a44c23102e2ccc7e02f003ec",
                "sha256:5c23b1ad869653bc818e972b7a3a79852d0e494e9ab7e1a701a3decc49c20d51",
                "sha256:61bfc23df345d8c9716d03717c2ed5e27374e0fe6f659ea64edcd27b4b044cf7",
                "sha256:6ae828d3a003f03ae31915c31fa684b9890ea44c9c989056fea96e3d12a9fa17",
                "sha256:6c7cefb4b0640703eb1069835c02486669312bf2f12b48a748e0a7756d0de33d",
                "sha256:6d69f36d445c45cda7b3b26afef2fc34ef5ac0cdc75584a87ef307ee3c8c6d00",
                "sha256:6f0d5f33feb5f69ddd57a4a4bd3d56c719a141080b445cbf18f238973c5c9923",
                "sha256:6f8b01295e26c68b3a1b90efb7a89029110d3a4139270b24fda961893216c440",
                "sha256:713ac174a629d39b7c6a3aa757b337599798da4c1157114a314e4e391cd28e32",
                "sha256:718626a174e7e467f0558954f94af117b7d4695d48eb980146016afa4b580b2e",
                "sha256:7187a76598bdb895af0adbd2fb7474d7f6025d170bc0a1130242da817ce9e7d1",
                "sha256:71927042ed6365a09a98a6377501af5c9f0a4d38083652bcd2281a06a5976724",
                "sha256:7d08744e9bae2ca9c382581f7dce1273fe3c9bae94ff572c3626e8da5b193c6a",
                "sha256:7dadf3c307b31e0e61689cbf9e06be7a867c563d5a63ce9dca578f956609abf8",
                "sha256:81e3d8c34c623ca4e36c46524a3530e99c0bc95ed068fd6e9b55cb721d408fb2",
                "sha256:844a9b460871ee0a0b0b68a64890dae9c415e513db0f4a7e3cab41a0f2fedf33",
                "sha256:8b7ef7cbd4fec9a1e811a5de813311ed4f7ac7d93e0fda233c9b3e1428f7dd7b",
                "sha256:97ef77eb6b044134c0b3a96e16abcb05ecce892965a2124c566af0fd60f717e2",
                "sha256:99b5eeae8e019e7aad8af8bb314fb908dd2e028b3cdaad87ec05095394cce632",
                "sha256:a25fa703a527158aaf10dafd956f7d42ac6d30ec80e9a70846253dd13e2f067b",
                "sha256:a2f635ce61a89c5732537a7896b6319a8fcfa23ba09bec36e1b1ac0ab31270d2",
                "sha256:a79004bb58748f31ae1cbe9fa891054baaa46fb106c2dc7af9f8e3304dc30316",
                "sha256:a996d01ca39b8dfe77440f3cd600825d05841088fd6bc0144cc6c2ec14cc5f74",
                "sha256:b0e20cddbd676ab8a64c774fefa0ad787cc506afd844de95da56060348021e96",
                "sha256:b6613280ccedf24354406caf785db748bebbddcf31408b20c0b48cb86af76866",
                "sha256:b9d00268fcb9f66fbcc7cd9fe423741d90c75ee029a1d15c09b22d23253c0a44",
                "sha256:bb01ba6b0d3f6c68b89fce7305080145d4877ad3acaed424bae4d4ee75faa950",
                "sha256:c2aef4703f1f2ddc6df17519885dbfa3514929149d3ff900b73f45998f2532fa",
                "sha256:c34dc4958b232ef6188c4318cb7b2c2d80521c9a56c52449f8f93ab7bc2a8a1c",
                "sha256:c3630c3ef435c0a7c549ba170a0633a56e92629aeed0e707fec832dee313fb7a",
                "sha256:c3d6a4d0619e09dcd61021debf7059955c2004fa29f48788a3dfaf9c9901a7cd",
                "sha256:d15367ce87c8e9e09b0f989bfd72dc641bcd04ba091c68cd305312d00962addd",
                "sha256:d2f9b69293c33aaa53d923032fe227feac867f81682f002ce33ffae978f0a9a9",
                "sha256:e999f2d0e12eea01caeecb17b653f3713d758f6dcc770417cf29ef08d3931421",
                "sha256:ea302f34477fda3f85560a06d9ebdc7fa41e82420e892fc50b577e35fc6a50b2",
                "sha256:eaba923151d9deea315be1f3e2b31cc39a6d1d2f682f942905951f4e40200922",
                "sha256:ef9612483cb35171d51d9173647eed5d0069eaa2ee812793a75373447d487aa4",
                "sha256:f5315a2eb0239185af1bddb1abf472d877fede3cc8d143c6cddad37678293237",
                "sha256:fa0ffcace9b3aa34d205d8130f7873fcfefcb6a4dd3dd705b0dab69af6712642",
                "sha256:fc5471e1a54de15ef71c1bc6ebe80d4dc681ea600e68bfd1cbce40427f0b7578"
            ],
            "markers": "python_version >= '3.6'",
            "version": "==3.8.1"
        },
        "aiohttp-cors": {
            "hashes": [
                "sha256:0451ba59fdf6909d0e2cd21e4c0a43752bc0703d33fc78ae94d9d9321710193e",
                "sha256:4d39c6d7100fd9764ed1caf8cebf0eb01bf5e3f24e2e073fda6234bc48b19f5d"
            ],
            "version": "==0.7.0"
        },
        "aiokafka": {
            "hashes": [
                "sha256:16731e8aa0fc70dc35c31041599c9a5237dd5d2c1a4d04af58f30a942191a281",
                "sha256:1a9b6ecb606062b3595bc5104b85b42b62621a86d179b75d708279041152f461",
                "sha256:34eda0b6eb794c36f4100be772f3b120a3c00daaf342f593f32994a762aed7e8",
                "sha256:383cc7d45b47676fea60dbedee747c5c08dde5c10b1be0afc6598fb21a7891b4",
                "sha256:3b1f1e9ad66883ed809d737d57edfb13f1aeb9b08c6fd6b71afefce712c13dad",
                "sha256:5371bd663f545ced555775e7e49f39a54b243435098a9699582bb3b32884e332",
                "sha256:594d2a29875f78d56251141ff95a982c5be64844dc9ae619c285f36c57a08c6e",
                "sha256:6116b68ca975caafd7efd338ffdaec63789e1c334af6174e20edc1d16d14e463",
                "sha256:7d56627c3250ba2359dfa90f2c8a3ab995795e0116038905b2f8a608cd1fd606",
                "sha256:7fe02a3868236d84356d5fa7c7625ed3a27e52699477c5ee8bd5dc9b5adb592f",
                "sha256:a3bfe4ad7d3829a98c8391a9a28f179b47df4f66e26ea5b1c665f872b6e21809",
                "sha256:a8fc41d18731d8879483aecb93ae7ebf5457f63daf4c8923ddc046792c2c3096",
                "sha256:b1958277eaa702509591c0674790a8c9aced8fef7723dafae0f9aec6d2da71a5",
                "sha256:b19f077e12fe23e359f7a7dca9baf8532c63f4c8149703ce4c56de372d17e26c",
                "sha256:be43d7ddd700d501a6f4c59c859baa9888c2d086b69882f542951bae41234f6a",
                "sha256:c96824cef1a480fd2ab4bbd9e9aa737c9191211bab5f7787ef401926d5fda95d",
                "sha256:cda55f5cfb19ea7d2f55a51d320a57312f152dab3e333fa1fbfcdde7a9e25a53",
                "sha256:ce23baeaacf501f619967067d2c0d4c2b2b761012f9f9c8a49593e96c7550aff",
                "sha256:d801bb2f5a4ae726a433ae74a5d34e7e0d44128de53c9c7eea5cb4cdaaf80175",
                "sha256:e6e78206e5d031e6644d3a46153a146d2d2afff4cf9da9a81edb9f8714114b62",
                "sha256:ebbb258840f134bad0e6ca8681a87cd292a1f4ed7253a821c16b4e9f2610a04a"
            ],
            "version": "==0.7.2"
        },
        "aiosignal": {
            "hashes": [
                "sha256:26e62109036cd181df6e6ad646f91f0dcfd05fe16d0cb924138ff2ab75d64e3a",
                "sha256:78ed67db6c7b7ced4f98e495e572106d5c432a93e1ddd1bf475e1dc05f5b7df2"
            ],
            "markers": "python_version >= '3.6'",
            "version": "==1.2.0"
        },
        "async-timeout": {
            "hashes": [
                "sha256:2163e1640ddb52b7a8c80d0a67a08587e5d245cc9c553a74a847056bc2976b15",
                "sha256:8ca1e4fcf50d07413d66d1a5e416e42cfdf5851c981d679a09851a6853383b3c"
            ],
            "markers": "python_version >= '3.6'",
            "version": "==4.0.2"
        },
        "asynctest": {
            "hashes": [
                "sha256:5da6118a7e6d6b54d83a8f7197769d046922a44d2a99c21382f0a6e4fadae676",
                "sha256:c27862842d15d83e6a34eb0b2866c323880eb3a75e4485b079ea11748fd77fac"
            ],
            "markers": "python_version < '3.8'",
            "version": "==0.13.0"
        },
        "attrs": {
            "hashes": [
                "sha256:2d27e3784d7a565d36ab851fe94887c5eccd6a463168875832a1be79c82828b4",
                "sha256:626ba8234211db98e869df76230a137c4c40a12d72445c45d5f5b716f076e2fd"
            ],
            "markers": "python_version >= '2.7' and python_version not in '3.0, 3.1, 3.2, 3.3, 3.4'",
            "version": "==21.4.0"
        },
        "avro": {
            "hashes": [
                "sha256:1206365cc30ad561493f735329857dd078533459cee4e928aec2505f341ce445"
            ],
            "index": "pypi",
            "version": "==1.11.0"
        },
        "certifi": {
            "hashes": [
                "sha256:78884e7c1d4b00ce3cea67b44566851c4343c120abd683433ce934a68ea58872",
                "sha256:d62a0163eb4c2344ac042ab2bdf75399a71a2d8c7d47eac2e2ee91b9d6339569"
            ],
            "version": "==2021.10.8"
        },
        "chardet": {
            "hashes": [
                "sha256:84ab92ed1c4d4f16916e05906b6b75a6c0fb5db821cc65e70cbd64a3e2a5eaae",
                "sha256:fc323ffcaeaed0e0a02bf4d117757b98aed530d9ed4531e3e15460124c106691"
            ],
            "version": "==3.0.4"
        },
        "charset-normalizer": {
            "hashes": [
                "sha256:876d180e9d7432c5d1dfd4c5d26b72f099d503e8fcc0feb7532c9289be60fcbd",
                "sha256:cb957888737fc0bbcd78e3df769addb41fd1ff8cf950dc9e7ad7793f1bf44455"
            ],
            "markers": "python_version >= '3'",
            "version": "==2.0.10"
        },
        "click": {
            "hashes": [
                "sha256:353f466495adaeb40b6b5f592f9f91cb22372351c84caeb068132442a4518ef3",
                "sha256:410e932b050f5eed773c4cda94de75971c89cdb3155a72a0831139a79e5ecb5b"
            ],
            "markers": "python_version >= '3.6'",
            "version": "==8.0.3"
        },
        "colorlog": {
            "hashes": [
                "sha256:344f73204009e4c83c5b6beb00b3c45dc70fcdae3c80db919e0a4171d006fde8",
                "sha256:351c51e866c86c3217f08e4b067a7974a678be78f07f85fc2d55b8babde6d94e"
            ],
            "markers": "python_version >= '3.6'",
            "version": "==6.6.0"
        },
        "confluent-kafka": {
            "hashes": [
                "sha256:02b78bb6d1199ea350240eae1f4415f22014896199a46edf85f779a69751f984",
                "sha256:039c68379f9a5ece6e45a683ec7abebb95a9dac904ec4e2f9d93738e1cf6fab2",
                "sha256:1df83fa20e4fe032651ad73ce0ba85dd14a7fabff6066c9cb20e944d2748e72b",
                "sha256:3d66e8c1a6a15144ca5b176170adbf30207c27813c76202c56abf52ef2b475e1",
                "sha256:4f26052ef53212752039cd1d9e932b2feb6a0975d717ab070af323629a72a0b9",
                "sha256:585bc8e8aa7d6fbd46dc0b2da3d4b1fd8457555288fee1ecba6af2c97ab738cc",
                "sha256:748813f47641dd65dd8d3bae8dcb3ce96a3e455c12b467d4b35e1fc880362d01",
                "sha256:ac7155e1b9a94445ed8eecf691c80c61407148813808a2aa1cba0babbe197e77",
                "sha256:add05db627435697d4ed8f81b3ce1081931770813a989fd775910865f07d694d",
                "sha256:ae75d3f4bc3d2109663912d77911c45aaa2939bde3694fc05e75842c806fa760",
                "sha256:b679c3f9f555e87a9cbb043c676473c30d12182609e075be85afd98f84bcc863",
                "sha256:b79e836c3554bc51c6837a8a0152f7521c9bf31342f5b8e21eba6b28044fa585",
                "sha256:b7cb6fa3d44972e3670e0b3b054186a6006e6fd664600cfe70e008fad2443d16",
                "sha256:d50b091770d277714766943d885ad6b2c5c427e67328706cfd33dc86eef540c9",
                "sha256:e49382a943fb47813f421e913cc6c87cd1d4bfdecad1785efa0dacada7003d84",
                "sha256:ead7f18c516f7bcb886b643fa78ff2a2142270adaf931ba0311b62e9a047e6ca",
                "sha256:f843680e183479f6e0732b593ea3235c836a5bb2de6be3819a11b891b6af1dde"
            ],
            "index": "pypi",
            "version": "==1.8.2"
        },
        "croniter": {
            "hashes": [
                "sha256:094422f6aeb9ed646714393503fa388afe4f846e110e1997fea5794e2085c2d7",
                "sha256:c214aa35c0de6048f2e3eddb6cb7812c99fcb4039f37f559a4b2d62edcb0d157"
            ],
            "markers": "python_version >= '2.6' and python_version not in '3.0, 3.1, 3.2, 3.3'",
            "version": "==1.2.0"
        },
        "fastavro": {
            "hashes": [
                "sha256:000b70c5109a61bdbfddeb2821a506de8f5333f243c608cbced61d44657d6c2f",
                "sha256:1fc9c95b7c1d59c5a2d29be21075870a122152cf927d84587dafc96da6b2ac3d",
                "sha256:2e64a77c529b638e89a879ff0211debfab5b2d114c26a2af29c81f6b013f395a",
                "sha256:32b804aa6920d80c0e94e1180d480f28f56c4b901849bd80ed180851752b5ce6",
                "sha256:3759bdc77009ee1e2e76fc9f58b951c05c00a8600ef9ddbff59fee3cb0c9e235",
                "sha256:37a77a1b5347a06416e236c77027c750aaeda29ef8189aa456eb2a2571274b43",
                "sha256:6a9cd6d8471beb4020b4126fd04150ed7295f74ae7234d0dc9205b55c193851e",
                "sha256:927fd6148a8dd9646c129c0a0e8571aea829abc3cba04a3d5a4010a866934f4c",
                "sha256:9a6ada2d6e133a2319438248c2e023b6735747b249c5a79d5f08f9d431e5d226",
                "sha256:b98ef2bdb123b95945aa6d69d6a7d79f211df3274b2dd7786da7852ddec964d0",
                "sha256:be3fec387eb2cdc9627060b5ae0690542c687dddc951b63fa11203553769ae5e",
                "sha256:c7537e4df7782b03b9761e9338cef9fc7bfcc41100ab93c36c5c60fa568e724a",
                "sha256:ce2c7747ce958115388872db0756d3eeb0d796084eea9b46dc3758ef32c4d952",
                "sha256:d6ccb77604903a0308316e696bb65a8943361af5f757d10985689656c9bce6ed",
                "sha256:f9b04acaf06b16218b47985e92d8daa98c1116d58f3cff81a5b3cf39cef9afc0",
                "sha256:fa9d8b47e0533c84152332ad491bb63bbae76a8a7a0df1caa821e0cbebf0fb70"
            ],
            "markers": "python_version >= '3.7'",
            "version": "==1.4.9"
        },
        "faust-streaming": {
            "hashes": [
                "sha256:6fe873d02fc9abadd98cea14a53daca527479e452b2c6aaf2054c4ab18490e62",
                "sha256:a50d3581499ddf828533d4c57c99bccaa0986af6dc4e9d5557e58b784b586237"
            ],
            "version": "==0.8.1"
        },
        "frozenlist": {
            "hashes": [
                "sha256:006d3595e7d4108a12025ddf415ae0f6c9e736e726a5db0183326fd191b14c5e",
                "sha256:01a73627448b1f2145bddb6e6c2259988bb8aee0fb361776ff8604b99616cd08",
                "sha256:03a7dd1bfce30216a3f51a84e6dd0e4a573d23ca50f0346634916ff105ba6e6b",
                "sha256:0437fe763fb5d4adad1756050cbf855bbb2bf0d9385c7bb13d7a10b0dd550486",
                "sha256:04cb491c4b1c051734d41ea2552fde292f5f3a9c911363f74f39c23659c4af78",
                "sha256:0c36e78b9509e97042ef869c0e1e6ef6429e55817c12d78245eb915e1cca7468",
                "sha256:25af28b560e0c76fa41f550eacb389905633e7ac02d6eb3c09017fa1c8cdfde1",
                "sha256:2fdc3cd845e5a1f71a0c3518528bfdbfe2efaf9886d6f49eacc5ee4fd9a10953",
                "sha256:30530930410855c451bea83f7b272fb1c495ed9d5cc72895ac29e91279401db3",
                "sha256:31977f84828b5bb856ca1eb07bf7e3a34f33a5cddce981d880240ba06639b94d",
                "sha256:3c62964192a1c0c30b49f403495911298810bada64e4f03249ca35a33ca0417a",
                "sha256:3f7c935c7b58b0d78c0beea0c7358e165f95f1fd8a7e98baa40d22a05b4a8141",
                "sha256:40dff8962b8eba91fd3848d857203f0bd704b5f1fa2b3fc9af64901a190bba08",
                "sha256:40ec383bc194accba825fbb7d0ef3dda5736ceab2375462f1d8672d9f6b68d07",
                "sha256:436496321dad302b8b27ca955364a439ed1f0999311c393dccb243e451ff66aa",
                "sha256:4406cfabef8f07b3b3af0f50f70938ec06d9f0fc26cbdeaab431cbc3ca3caeaa",
                "sha256:45334234ec30fc4ea677f43171b18a27505bfb2dba9aca4398a62692c0ea8868",
                "sha256:47be22dc27ed933d55ee55845d34a3e4e9f6fee93039e7f8ebadb0c2f60d403f",
                "sha256:4a44ebbf601d7bac77976d429e9bdb5a4614f9f4027777f9e54fd765196e9d3b",
                "sha256:4eda49bea3602812518765810af732229b4291d2695ed24a0a20e098c45a707b",
                "sha256:57f4d3f03a18facacb2a6bcd21bccd011e3b75d463dc49f838fd699d074fabd1",
                "sha256:603b9091bd70fae7be28bdb8aa5c9990f4241aa33abb673390a7f7329296695f",
                "sha256:65bc6e2fece04e2145ab6e3c47428d1bbc05aede61ae365b2c1bddd94906e478",
                "sha256:691ddf6dc50480ce49f68441f1d16a4c3325887453837036e0fb94736eae1e58",
                "sha256:6983a31698490825171be44ffbafeaa930ddf590d3f051e397143a5045513b01",
                "sha256:6a202458d1298ced3768f5a7d44301e7c86defac162ace0ab7434c2e961166e8",
                "sha256:6eb275c6385dd72594758cbe96c07cdb9bd6becf84235f4a594bdf21e3596c9d",
                "sha256:754728d65f1acc61e0f4df784456106e35afb7bf39cfe37227ab00436fb38676",
                "sha256:768efd082074bb203c934e83a61654ed4931ef02412c2fbdecea0cff7ecd0274",
                "sha256:772965f773757a6026dea111a15e6e2678fbd6216180f82a48a40b27de1ee2ab",
                "sha256:871d42623ae15eb0b0e9df65baeee6976b2e161d0ba93155411d58ff27483ad8",
                "sha256:88aafd445a233dbbf8a65a62bc3249a0acd0d81ab18f6feb461cc5a938610d24",
                "sha256:8c905a5186d77111f02144fab5b849ab524f1e876a1e75205cd1386a9be4b00a",
                "sha256:8cf829bd2e2956066dd4de43fd8ec881d87842a06708c035b37ef632930505a2",
                "sha256:92e650bd09b5dda929523b9f8e7f99b24deac61240ecc1a32aeba487afcd970f",
                "sha256:93641a51f89473837333b2f8100f3f89795295b858cd4c7d4a1f18e299dc0a4f",
                "sha256:94c7a8a9fc9383b52c410a2ec952521906d355d18fccc927fca52ab575ee8b93",
                "sha256:9f892d6a94ec5c7b785e548e42722e6f3a52f5f32a8461e82ac3e67a3bd073f1",
                "sha256:acb267b09a509c1df5a4ca04140da96016f40d2ed183cdc356d237286c971b51",
                "sha256:adac9700675cf99e3615eb6a0eb5e9f5a4143c7d42c05cea2e7f71c27a3d0846",
                "sha256:aff388be97ef2677ae185e72dc500d19ecaf31b698986800d3fc4f399a5e30a5",
                "sha256:b5009062d78a8c6890d50b4e53b0ddda31841b3935c1937e2ed8c1bda1c7fb9d",
                "sha256:b684c68077b84522b5c7eafc1dc735bfa5b341fb011d5552ebe0968e22ed641c",
                "sha256:b9e3e9e365991f8cc5f5edc1fd65b58b41d0514a6a7ad95ef5c7f34eb49b3d3e",
                "sha256:bd89acd1b8bb4f31b47072615d72e7f53a948d302b7c1d1455e42622de180eae",
                "sha256:bde99812f237f79eaf3f04ebffd74f6718bbd216101b35ac7955c2d47c17da02",
                "sha256:c6c321dd013e8fc20735b92cb4892c115f5cdb82c817b1e5b07f6b95d952b2f0",
                "sha256:ce6f2ba0edb7b0c1d8976565298ad2deba6f8064d2bebb6ffce2ca896eb35b0b",
                "sha256:d2257aaba9660f78c7b1d8fea963b68f3feffb1a9d5d05a18401ca9eb3e8d0a3",
                "sha256:d26b650b71fdc88065b7a21f8ace70175bcf3b5bdba5ea22df4bfd893e795a3b",
                "sha256:d6d32ff213aef0fd0bcf803bffe15cfa2d4fde237d1d4838e62aec242a8362fa",
                "sha256:e1e26ac0a253a2907d654a37e390904426d5ae5483150ce3adedb35c8c06614a",
                "sha256:e30b2f9683812eb30cf3f0a8e9f79f8d590a7999f731cf39f9105a7c4a39489d",
                "sha256:e84cb61b0ac40a0c3e0e8b79c575161c5300d1d89e13c0e02f76193982f066ed",
                "sha256:e982878792c971cbd60ee510c4ee5bf089a8246226dea1f2138aa0bb67aff148",
                "sha256:f20baa05eaa2bcd5404c445ec51aed1c268d62600362dc6cfe04fae34a424bd9",
                "sha256:f7353ba3367473d1d616ee727945f439e027f0bb16ac1a750219a8344d1d5d3c",
                "sha256:f96293d6f982c58ebebb428c50163d010c2f05de0cde99fd681bfdc18d4b2dc2",
                "sha256:ff9310f05b9d9c5c4dd472983dc956901ee6cb2c3ec1ab116ecdde25f3ce4951"
            ],
            "markers": "python_version >= '3.7'",
            "version": "==1.3.0"
        },
        "h11": {
            "hashes": [
                "sha256:33d4bca7be0fa039f4e84d50ab00531047e53d6ee8ffbc83501ea602c169cae1",
                "sha256:4bc6d6a1238b7615b266ada57e0618568066f57dd6fa967d1290ec9309b2f2f1"
            ],
            "version": "==0.9.0"
        },
        "httpcore": {
            "hashes": [
                "sha256:93a4caf743e7ed29dbf7900515f0917babaa26bfaae6fb6c922ca1228519d400",
                "sha256:afc1402fcaa6fca057bb3a9c6ccf6989a17bd0393b0cffbd778bac5fdd27446b"
            ],
            "markers": "python_version >= '3.6'",
            "version": "==0.10.2"
        },
        "httpx": {
            "hashes": [
                "sha256:3f2aa21d927ac56bfabdb82d079cf5ddd5b3147130dedc5fe8fed3a24e7a8d34",
                "sha256:96bd4de4e6b742d672e2338720baf98518efaf85c86e0b48218e1bef9f272333"
            ],
            "markers": "python_version >= '3.6'",
            "version": "==0.14.3"
        },
        "idna": {
            "hashes": [
                "sha256:84d9dd047ffa80596e0f246e2eab0b391788b0503584e8945f2368256d2735ff",
                "sha256:9d643ff0a55b762d5cdb124b8eaa99c66322e2157b69160bc32796e824360e6d"
            ],
            "markers": "python_version >= '3'",
            "version": "==3.3"
        },
        "importlib-metadata": {
            "hashes": [
                "sha256:899e2a40a8c4a1aec681feef45733de8a6c58f3f6a0dbed2eb6574b4387a77b6",
                "sha256:951f0d8a5b7260e9db5e41d429285b5f451e928479f19d80818878527d36e95e"
            ],
            "markers": "python_version < '3.8'",
            "version": "==4.10.1"
        },
        "importlib-resources": {
            "hashes": [
                "sha256:33a95faed5fc19b4bc16b29a6eeae248a3fe69dd55d4d229d2b480e23eeaad45",
                "sha256:d756e2f85dd4de2ba89be0b21dba2a3bbec2e871a42a3a16719258a11f87506b"
            ],
            "markers": "python_version < '3.9'",
            "version": "==5.4.0"
        },
        "jsonschema": {
            "hashes": [
                "sha256:636694eb41b3535ed608fe04129f26542b59ed99808b4f688aa32dcf55317a83",
                "sha256:77281a1f71684953ee8b3d488371b162419767973789272434bbc3f29d9c8823"
            ],
            "markers": "python_version >= '3.7'",
            "version": "==4.4.0"
        },
        "kafka-python": {
            "hashes": [
                "sha256:04dfe7fea2b63726cd6f3e79a2d86e709d608d74406638c5da33a01d45a9d7e3",
                "sha256:2d92418c7cb1c298fa6c7f0fb3519b520d0d7526ac6cb7ae2a4fc65a51a94b6e"
            ],
            "version": "==2.0.2"
        },
        "mode-streaming": {
            "hashes": [
                "sha256:3637284b15fbfd8e3d3f565aa2cdfb3630d1eb1e2655b6f96135b0c9c9738c2d",
                "sha256:7a50b9f313bb560f06c021a2caf73ac47654a317086ce52c3b16111cd1df07b4"
            ],
            "markers": "python_version ~= '3.6'",
            "version": "==0.1.0"
        },
        "multidict": {
            "hashes": [
                "sha256:051edc5bb1325535b50808103433a7294a7ef57d33dd261267e726b688a1a1b0",
                "sha256:06783c9323152d33ddf5faa9fe6aca032bcb5b62808cd3bf60de29e3b20ed3bd",
                "sha256:088ed9cc3b373b18379dc6dcd68032445597a6508734c46d1ae1013fb5965ab8",
                "sha256:0b79957ed1484ce21a8092a6f497e840a1562c339364c3c4601a30168dfe37f7",
                "sha256:0e7b7cfb3304b1defda145ddb491b5788c8efd5a5003df406b4c124e703af725",
                "sha256:11458ac6d54477f120aab6a5298f1c1ada15ef7464425f340f01c5099841e8d9",
                "sha256:13570d7c4b274b78db3826cdbeccc7e7bef229b7f933e162aea40ab2657dd55f",
                "sha256:13ac8cfcac4e251ea19f1e730031c4698258e389ccb292f8764018505a7894de",
                "sha256:15344d052efd3804c3543d28971a6468fe96da02370390c10805189ec2c5ccfa",
                "sha256:1988d59390897c92f8b012267ba1d1c389677a73151c9962ce32ec09039122c6",
                "sha256:1d4be1b5525f7220b18d4e89065373b8190dd6bca506e7706af6a5cc38596ca3",
                "sha256:2275c097c2e8de0b6b9f368e36ada9160d68536f65734f9366bf9019021e73a9",
                "sha256:26085160f0f7d495d25a2ca6218180bda34fd71b2282b67fe5f86742e1571e23",
                "sha256:2738c572c208da2530f224cf8df6bdaaea2007e911a6e34cf565c96b798e979c",
                "sha256:32285d67f5fd7d49aedd9faeccf28cca5d9e15b87f47dd770d1fbadfbca33c0c",
                "sha256:32b6288b1e444c0055116a084d22ec28a212b241d09855644ed96d377c7b4e96",
                "sha256:38129a7b037e9ae57f50b5fafeb2964dfcfbddaca6ffcb5178dc79e8d8392e72",
                "sha256:4228dab0981bec49390071671d77156de9644897323501965a11d4e0c68fb001",
                "sha256:498e9bb39bfec122f0abaf3d6499f305c609f7ca5e6eaad97dd3e43a73dd94b4",
                "sha256:49befe4287176ba535f13b40fff5581f4a07e124cb43853695a47e154f39cab5",
                "sha256:4dabfec9e7300a307f8c3f8dc6d58f372f35f0e1658be7ad6852b78ccb51b091",
                "sha256:55878da557e8fa5d51d4747c4d750288cdfd0d1a6c0248809890fd31e87ba31d",
                "sha256:5e7a915c3dc65f1ab278416fd533d02181e1faf5e04cd7cd92fd905e6b1116d4",
                "sha256:644691b1cdf59e690b2d9861bcb155657eea2c18b41e1c30ff2b00bd94eabd90",
                "sha256:72ad371f0c523cf6a23862b71725a8bfce9f808cbb36b1e54feec61b3cf51cf0",
                "sha256:73c4c42c3da96de49a3488354520cc06bcc5bf3d585a4a46fcb2800840a008fa",
                "sha256:7446d2a416882207ae97ede18a2cc5a5fa49d752e8efab12f0dc8f15dfc6ec74",
                "sha256:76a85573b9cc2d444614f498dac21af47a9eadade8b0efb81101a197f44825b3",
                "sha256:7967e613a1ca8502f94fd6e9e7c4154955a72322290700a5680c5bd5cdc1b9e8",
                "sha256:7e6331d8e62161633daef698cf0dd04d9617cb1fe957647caaf6fc947948e771",
                "sha256:80d5eb932d59719b5e80664e01d36874d45ed880baf400f04beee529d196d13e",
                "sha256:818baca084516eddeb5c6949a6decb6b89bf5aa2fd72cf6631a2e562d221d44f",
                "sha256:84eae1eb73e64a34925eda18961e09e7441b2864d302fd726fa684d14151b3ae",
                "sha256:86ccb63482adbb05832c758edae8b687bd0ce933c7ef9076c89f51d2435ed8be",
                "sha256:8d553ea63140e5e904f789f504dfdcc406b0d08d8f1a94389e6ab9f2ae81c92d",
                "sha256:93335cd685c71bae6a990a1db555c4d87c011a290682a229f56dcc9e88134256",
                "sha256:9722dc28f088a25de4aa17199b51d80d895d07417bbe7579393a6338ebbe1091",
                "sha256:9850f7092cd075949f72432592bc90c8f90f9a3f740b33ac6cef22e65ec94844",
                "sha256:9d6e4814e27733eec32d3f4ef0e6ff26b0bbeb82e0c3dcf4464267c643607ab3",
                "sha256:a37600049ec482fce72d8f5b4e3737222bdc86f2239fd4ad9c1354155cfaaff9",
                "sha256:a94f35d0de60986d4793e3670dbe91f275bedad2be6162f8f410e5396dddd4cc",
                "sha256:a9e1f103e80d9691e57d5be813f23a00bdc548e859c655a3cd4c25f8fd13f56d",
                "sha256:b0676c21a31290d276ead3aaf216d5bd0721a126be8f6e3d46b8259f01300699",
                "sha256:b773add5af4212cf3f9dcb051b86fa0f13c0227cff6b6156be0bb1d18123ec1a",
                "sha256:caead879750449e14d284c9191519322f6bfcc53cc4226f3f65076e2ed0f39b7",
                "sha256:cea1af57c624ef968887b960e1d8c4118f0983b406ed0f3d2e3cdc6417629f6f",
                "sha256:cf5cccb38dd142e035d312ebe6ab785d7cdd6d074ce423d1cc30b22476cc9f45",
                "sha256:d2ea6ca1c6aa6680415b96cb4934e40ca1ed329b94c9ffc2a8f5c6658106b74f",
                "sha256:d41ea7fe6dcab6cde44123c53d5fa98ab7c20b2100dd93ba407c26fceb0198ea",
                "sha256:d91bb418d38e804d0c8deb3bdefe74ce135396d1f1dea526e81b5c153f2a2731",
                "sha256:e554c96bf7ffae520d9a1f8f0dc2feae3797de5b754b71b2f63cec7e593e02b2",
                "sha256:e6eee3d4ffea677176239b8834d7747d1d3211fd6bba1226eef68a26acbac699",
                "sha256:e962c57e8d49fed6f767fd7e3dc7ea8055203f4598abe75ab7743dc1723ecb6f",
                "sha256:eca49c108b150d04868b2985402f992aab43851108a53d15aebe0db02bfd7dce",
                "sha256:f6ee62540e5c8d9938e8aafa23de5a05a9e8ff1c19cbd0fa0bf9b9061d66751a",
                "sha256:f803054364391b8f91bc58fcba4c14bcdb26cdd3df5db7a1b48cca24c60ef422",
                "sha256:f869d32ae08355f13ad3d28c9964b99b9a2b1dc2623ac289bac12a51891ff18f",
                "sha256:fa958a183461dff01e8e686b6731e5bd6972ca550d2248cf0bc093c549bdd251",
                "sha256:fc077dbcb5ed6c7e905bb461d95aaa3484e7d87b7a0acf19f6fbe4006c85069a"
            ],
            "markers": "python_version >= '3.7'",
            "version": "==6.0.0"
        },
        "mypy-extensions": {
            "hashes": [
                "sha256:090fedd75945a69ae91ce1303b5824f428daf5a028d2f6ab8a299250a846f15d",
                "sha256:2d82818f5bb3e369420cb3c4060a7970edba416647068eb4c5343488a6c604a8"
            ],
            "version": "==0.4.3"
        },
        "opentracing": {
            "hashes": [
                "sha256:a173117e6ef580d55874734d1fa7ecb6f3655160b8b8974a2a1e98e5ec9c840d"
            ],
            "version": "==2.4.0"
        },
        "pyrsistent": {
            "hashes": [
                "sha256:0e3e1fcc45199df76053026a51cc59ab2ea3fc7c094c6627e93b7b44cdae2c8c",
                "sha256:1b34eedd6812bf4d33814fca1b66005805d3640ce53140ab8bbb1e2651b0d9bc",
                "sha256:4ed6784ceac462a7d6fcb7e9b663e93b9a6fb373b7f43594f9ff68875788e01e",
                "sha256:5d45866ececf4a5fff8742c25722da6d4c9e180daa7b405dc0a2a2790d668c26",
                "sha256:636ce2dc235046ccd3d8c56a7ad54e99d5c1cd0ef07d9ae847306c91d11b5fec",
                "sha256:6455fc599df93d1f60e1c5c4fe471499f08d190d57eca040c0ea182301321286",
                "sha256:6bc66318fb7ee012071b2792024564973ecc80e9522842eb4e17743604b5e045",
                "sha256:7bfe2388663fd18bd8ce7db2c91c7400bf3e1a9e8bd7d63bf7e77d39051b85ec",
                "sha256:7ec335fc998faa4febe75cc5268a9eac0478b3f681602c1f27befaf2a1abe1d8",
                "sha256:914474c9f1d93080338ace89cb2acee74f4f666fb0424896fcfb8d86058bf17c",
                "sha256:b568f35ad53a7b07ed9b1b2bae09eb15cdd671a5ba5d2c66caee40dbf91c68ca",
                "sha256:cdfd2c361b8a8e5d9499b9082b501c452ade8bbf42aef97ea04854f4a3f43b22",
                "sha256:d1b96547410f76078eaf66d282ddca2e4baae8964364abb4f4dcdde855cd123a",
                "sha256:d4d61f8b993a7255ba714df3aca52700f8125289f84f704cf80916517c46eb96",
                "sha256:d7a096646eab884bf8bed965bad63ea327e0d0c38989fc83c5ea7b8a87037bfc",
                "sha256:df46c854f490f81210870e509818b729db4488e1f30f2a1ce1698b2295a878d1",
                "sha256:e24a828f57e0c337c8d8bb9f6b12f09dfdf0273da25fda9e314f0b684b415a07",
                "sha256:e4f3149fd5eb9b285d6bfb54d2e5173f6a116fe19172686797c056672689daf6",
                "sha256:e92a52c166426efbe0d1ec1332ee9119b6d32fc1f0bbfd55d5c1088070e7fc1b",
                "sha256:f87cc2863ef33c709e237d4b5f4502a62a00fab450c9e020892e8e2ede5847f5",
                "sha256:fd8da6d0124efa2f67d86fa70c851022f87c98e205f0594e1fae044e7119a5a6"
            ],
            "markers": "python_version >= '3.7'",
            "version": "==0.18.1"
        },
        "python-consul2": {
            "hashes": [
                "sha256:29c859de73e17f36ab99be831fdc1d924f16e8772233277a28ef92b7b99995cd",
                "sha256:ff8c6642c5a8d5f13a072e90adbad44cde824fc46fb2ab76b40dd1c77d6c0c41"
            ],
            "index": "pypi",
            "version": "==0.1.5"
        },
        "python-dateutil": {
            "hashes": [
                "sha256:0123cacc1627ae19ddf3c27a5de5bd67ee4586fbdd6440d9748f8abb483d3e86",
                "sha256:961d03dc3453ebbc59dbdea9e4e11c5651520a876d0f4db161e8674aae935da9"
            ],
            "markers": "python_version >= '2.7' and python_version not in '3.0, 3.1, 3.2, 3.3'",
            "version": "==2.8.2"
        },
        "python-schema-registry-client": {
            "extras": [
                "faust"
            ],
            "hashes": [
                "sha256:64973cfcc138d5def7d1142527d597007fb9e67de5008f7312fef6d452bb2fa1"
            ],
            "index": "pypi",
            "version": "==v1.9.0"
        },
        "requests": {
            "hashes": [
                "sha256:68d7c56fd5a8999887728ef304a6d12edc7be74f1cfa47714fc8b414525c9a61",
                "sha256:f22fa1e554c9ddfd16e6e41ac79759e17be9e492b3587efa038054674760e72d"
            ],
            "markers": "python_version >= '2.7' and python_version not in '3.0, 3.1, 3.2, 3.3, 3.4, 3.5'",
            "version": "==2.27.1"
        },
        "rfc3986": {
            "extras": [
                "idna2008"
            ],
            "hashes": [
                "sha256:270aaf10d87d0d4e095063c65bf3ddbc6ee3d0b226328ce21e036f946e421835",
                "sha256:a86d6e1f5b1dc238b218b012df0aa79409667bb209e58da56d0b94704e712a97"
            ],
            "version": "==1.5.0"
        },
        "six": {
            "hashes": [
                "sha256:1e61c37477a1626458e36f7b1d82aa5c9b094fa4802892072e49de9c60c4c926",
                "sha256:8abb2f1d86890a2dfb989f9a77cfcfd3e47c2a354b01111771326f8aa26e0254"
            ],
            "markers": "python_version >= '2.7' and python_version not in '3.0, 3.1, 3.2, 3.3'",
            "version": "==1.16.0"
        },
        "sniffio": {
            "hashes": [
                "sha256:471b71698eac1c2112a40ce2752bb2f4a4814c22a54a3eed3676bc0f5ca9f663",
                "sha256:c4666eecec1d3f50960c6bdf61ab7bc350648da6c126e3cf6898d8cd4ddcd3de"
            ],
            "markers": "python_version >= '3.5'",
            "version": "==1.2.0"
        },
        "terminaltables": {
            "hashes": [
                "sha256:ba6eca5cb5ba02bba4c9f4f985af80c54ec3dccf94cfcd190154386255e47543",
                "sha256:e4fdc4179c9e4aab5f674d80f09d76fa436b96fdc698a8505e0a36bf0804a874"
            ],
            "markers": "python_version >= '2.6'",
            "version": "==3.1.10"
        },
        "typing-extensions": {
            "hashes": [
                "sha256:4ca091dea149f945ec56afb48dae714f21e8692ef22a395223bcd328961b6a0e",
                "sha256:7f001e5ac290a0c0401508864c7ec868be4e701886d5b573a9528ed3973d9d3b"
            ],
            "markers": "python_version < '3.8'",
            "version": "==4.0.1"
        },
        "urllib3": {
            "hashes": [
                "sha256:000ca7f471a233c2251c6c7023ee85305721bfdf18621ebff4fd17a8653427ed",
                "sha256:0e7c33d9a63e7ddfcb86780aac87befc2fbddf46c58dbb487e0855f7ceec283c"
            ],
            "markers": "python_version >= '2.7' and python_version not in '3.0, 3.1, 3.2, 3.3, 3.4' and python_version < '4'",
            "version": "==1.26.8"
        },
        "venusian": {
            "hashes": [
                "sha256:06e7385786ad3a15c70740b2af8d30dfb063a946a851dcb4159f9e2a2302578f",
                "sha256:f6842b7242b1039c0c28f6feef29016e7e7dd3caaeb476a193acf737db31ee38"
            ],
            "markers": "python_version >= '3.5'",
            "version": "==3.0.0"
        },
        "yarl": {
            "hashes": [
                "sha256:044daf3012e43d4b3538562da94a88fb12a6490652dbc29fb19adfa02cf72eac",
                "sha256:0cba38120db72123db7c58322fa69e3c0efa933040ffb586c3a87c063ec7cae8",
                "sha256:167ab7f64e409e9bdd99333fe8c67b5574a1f0495dcfd905bc7454e766729b9e",
                "sha256:1be4bbb3d27a4e9aa5f3df2ab61e3701ce8fcbd3e9846dbce7c033a7e8136746",
                "sha256:1ca56f002eaf7998b5fcf73b2421790da9d2586331805f38acd9997743114e98",
                "sha256:1d3d5ad8ea96bd6d643d80c7b8d5977b4e2fb1bab6c9da7322616fd26203d125",
                "sha256:1eb6480ef366d75b54c68164094a6a560c247370a68c02dddb11f20c4c6d3c9d",
                "sha256:1edc172dcca3f11b38a9d5c7505c83c1913c0addc99cd28e993efeaafdfaa18d",
                "sha256:211fcd65c58bf250fb994b53bc45a442ddc9f441f6fec53e65de8cba48ded986",
                "sha256:29e0656d5497733dcddc21797da5a2ab990c0cb9719f1f969e58a4abac66234d",
                "sha256:368bcf400247318382cc150aaa632582d0780b28ee6053cd80268c7e72796dec",
                "sha256:39d5493c5ecd75c8093fa7700a2fb5c94fe28c839c8e40144b7ab7ccba6938c8",
                "sha256:3abddf0b8e41445426d29f955b24aeecc83fa1072be1be4e0d194134a7d9baee",
                "sha256:3bf8cfe8856708ede6a73907bf0501f2dc4e104085e070a41f5d88e7faf237f3",
                "sha256:3ec1d9a0d7780416e657f1e405ba35ec1ba453a4f1511eb8b9fbab81cb8b3ce1",
                "sha256:45399b46d60c253327a460e99856752009fcee5f5d3c80b2f7c0cae1c38d56dd",
                "sha256:52690eb521d690ab041c3919666bea13ab9fbff80d615ec16fa81a297131276b",
                "sha256:534b047277a9a19d858cde163aba93f3e1677d5acd92f7d10ace419d478540de",
                "sha256:580c1f15500e137a8c37053e4cbf6058944d4c114701fa59944607505c2fe3a0",
                "sha256:59218fef177296451b23214c91ea3aba7858b4ae3306dde120224cfe0f7a6ee8",
                "sha256:5ba63585a89c9885f18331a55d25fe81dc2d82b71311ff8bd378fc8004202ff6",
                "sha256:5bb7d54b8f61ba6eee541fba4b83d22b8a046b4ef4d8eb7f15a7e35db2e1e245",
                "sha256:6152224d0a1eb254f97df3997d79dadd8bb2c1a02ef283dbb34b97d4f8492d23",
                "sha256:67e94028817defe5e705079b10a8438b8cb56e7115fa01640e9c0bb3edf67332",
                "sha256:695ba021a9e04418507fa930d5f0704edbce47076bdcfeeaba1c83683e5649d1",
                "sha256:6a1a9fe17621af43e9b9fcea8bd088ba682c8192d744b386ee3c47b56eaabb2c",
                "sha256:6ab0c3274d0a846840bf6c27d2c60ba771a12e4d7586bf550eefc2df0b56b3b4",
                "sha256:6feca8b6bfb9eef6ee057628e71e1734caf520a907b6ec0d62839e8293e945c0",
                "sha256:737e401cd0c493f7e3dd4db72aca11cfe069531c9761b8ea474926936b3c57c8",
                "sha256:788713c2896f426a4e166b11f4ec538b5736294ebf7d5f654ae445fd44270832",
                "sha256:797c2c412b04403d2da075fb93c123df35239cd7b4cc4e0cd9e5839b73f52c58",
                "sha256:8300401dc88cad23f5b4e4c1226f44a5aa696436a4026e456fe0e5d2f7f486e6",
                "sha256:87f6e082bce21464857ba58b569370e7b547d239ca22248be68ea5d6b51464a1",
                "sha256:89ccbf58e6a0ab89d487c92a490cb5660d06c3a47ca08872859672f9c511fc52",
                "sha256:8b0915ee85150963a9504c10de4e4729ae700af11df0dc5550e6587ed7891e92",
                "sha256:8cce6f9fa3df25f55521fbb5c7e4a736683148bcc0c75b21863789e5185f9185",
                "sha256:95a1873b6c0dd1c437fb3bb4a4aaa699a48c218ac7ca1e74b0bee0ab16c7d60d",
                "sha256:9b4c77d92d56a4c5027572752aa35082e40c561eec776048330d2907aead891d",
                "sha256:9bfcd43c65fbb339dc7086b5315750efa42a34eefad0256ba114cd8ad3896f4b",
                "sha256:9c1f083e7e71b2dd01f7cd7434a5f88c15213194df38bc29b388ccdf1492b739",
                "sha256:a1d0894f238763717bdcfea74558c94e3bc34aeacd3351d769460c1a586a8b05",
                "sha256:a467a431a0817a292121c13cbe637348b546e6ef47ca14a790aa2fa8cc93df63",
                "sha256:aa32aaa97d8b2ed4e54dc65d241a0da1c627454950f7d7b1f95b13985afd6c5d",
                "sha256:ac10bbac36cd89eac19f4e51c032ba6b412b3892b685076f4acd2de18ca990aa",
                "sha256:ac35ccde589ab6a1870a484ed136d49a26bcd06b6a1c6397b1967ca13ceb3913",
                "sha256:bab827163113177aee910adb1f48ff7af31ee0289f434f7e22d10baf624a6dfe",
                "sha256:baf81561f2972fb895e7844882898bda1eef4b07b5b385bcd308d2098f1a767b",
                "sha256:bf19725fec28452474d9887a128e98dd67eee7b7d52e932e6949c532d820dc3b",
                "sha256:c01a89a44bb672c38f42b49cdb0ad667b116d731b3f4c896f72302ff77d71656",
                "sha256:c0910c6b6c31359d2f6184828888c983d54d09d581a4a23547a35f1d0b9484b1",
                "sha256:c10ea1e80a697cf7d80d1ed414b5cb8f1eec07d618f54637067ae3c0334133c4",
                "sha256:c1164a2eac148d85bbdd23e07dfcc930f2e633220f3eb3c3e2a25f6148c2819e",
                "sha256:c145ab54702334c42237a6c6c4cc08703b6aa9b94e2f227ceb3d477d20c36c63",
                "sha256:c17965ff3706beedafd458c452bf15bac693ecd146a60a06a214614dc097a271",
                "sha256:c19324a1c5399b602f3b6e7db9478e5b1adf5cf58901996fc973fe4fccd73eed",
                "sha256:c2a1ac41a6aa980db03d098a5531f13985edcb451bcd9d00670b03129922cd0d",
                "sha256:c6ddcd80d79c96eb19c354d9dca95291589c5954099836b7c8d29278a7ec0bda",
                "sha256:c9c6d927e098c2d360695f2e9d38870b2e92e0919be07dbe339aefa32a090265",
                "sha256:cc8b7a7254c0fc3187d43d6cb54b5032d2365efd1df0cd1749c0c4df5f0ad45f",
                "sha256:cff3ba513db55cc6a35076f32c4cdc27032bd075c9faef31fec749e64b45d26c",
                "sha256:d260d4dc495c05d6600264a197d9d6f7fc9347f21d2594926202fd08cf89a8ba",
                "sha256:d6f3d62e16c10e88d2168ba2d065aa374e3c538998ed04996cd373ff2036d64c",
                "sha256:da6df107b9ccfe52d3a48165e48d72db0eca3e3029b5b8cb4fe6ee3cb870ba8b",
                "sha256:dfe4b95b7e00c6635a72e2d00b478e8a28bfb122dc76349a06e20792eb53a523",
                "sha256:e39378894ee6ae9f555ae2de332d513a5763276a9265f8e7cbaeb1b1ee74623a",
                "sha256:ede3b46cdb719c794427dcce9d8beb4abe8b9aa1e97526cc20de9bd6583ad1ef",
                "sha256:f2a8508f7350512434e41065684076f640ecce176d262a7d54f0da41d99c5a95",
                "sha256:f44477ae29025d8ea87ec308539f95963ffdc31a82f42ca9deecf2d505242e72",
                "sha256:f64394bd7ceef1237cc604b5a89bf748c95982a84bcd3c4bbeb40f685c810794",
                "sha256:fc4dd8b01a8112809e6b636b00f487846956402834a7fd59d46d4f4267181c41",
                "sha256:fce78593346c014d0d986b7ebc80d782b7f5e19843ca798ed62f8e3ba8728576",
                "sha256:fd547ec596d90c8676e369dd8a581a21227fe9b4ad37d0dc7feb4ccf544c2d59"
            ],
            "markers": "python_version >= '3.6'",
            "version": "==1.7.2"
        },
        "zipp": {
            "hashes": [
                "sha256:9f50f446828eb9d45b267433fd3e9da8d801f614129124863f9c51ebceafb87d",
                "sha256:b47250dd24f92b7dd6a0a8fc5244da14608f3ca90a5efcd37a3b1642fac9a375"
            ],
            "markers": "python_version < '3.10'",
            "version": "==3.7.0"
        }
    },
    "develop": {}
}
